FORGE
  remote: http://forge.enterprisemodules.com
  specs:
    AlexCline-dirtree (0.2.1)
    enterprisemodules-easy_type (2.2.6)
    petems-swap_file (1.0.1)
      puppetlabs-stdlib (>= 3.2.0)
    puppet-archive (1.3.0)
      puppetlabs-stdlib (< 5.0.0, >= 4.6.0)
    puppetlabs-stdlib (4.12.0)
    saz-timezone (3.3.0)
      puppetlabs-stdlib (>= 2.3.0)

GIT
  remote: git@github.com:enterprisemodules/iib_config.git
  ref: master
  sha: 914554f3c91a3b739077840d05cdbef92560be61
  specs:
    enterprisemodules-iib_config (0.0.1)
      enterprisemodules-easy_type (< 2.3.0, >= 2.2.3)

GIT
  remote: git@github.com:enterprisemodules/iib_install.git
  ref: master
  sha: 56fc883cac6188d8467f49c51ec35f923f3ac705
  specs:
    enterprisemodules-iib_install (0.0.1)
      AlexCline-dirtree (>= 0.2.1)
      puppet-archive (>= 1.3.0)

DEPENDENCIES
  enterprisemodules-easy_type (= 2.2.6)
  enterprisemodules-iib_config (>= 0)
  enterprisemodules-iib_install (>= 0)
  petems-swap_file (~> 1.0.0)
  puppetlabs-stdlib (= 4.12.0)
  saz-timezone (~> 3.3.0)

